{
  "name": "nfl-rushing",
  "lockfileVersion": 2,
  "requires": true,
  "packages": {
    "": {
      "dependencies": {
        "react-csv": "^2.0.3"
      }
    },
    "node_modules/react-csv": {
      "version": "2.0.3",
      "resolved": "https://registry.npmjs.org/react-csv/-/react-csv-2.0.3.tgz",
      "integrity": "sha512-exyAdFLAxtuM4wNwLYrlKyPYLiJ7e0mv9tqPAd3kq+k1CiJFtznevR3yP0icv5q/y200w+lzNgi7TQn1Wrhu0w=="
    }
  },
  "dependencies": {
    "react-csv": {
      "version": "2.0.3",
      "resolved": "https://registry.npmjs.org/react-csv/-/react-csv-2.0.3.tgz",
      "integrity": "sha512-exyAdFLAxtuM4wNwLYrlKyPYLiJ7e0mv9tqPAd3kq+k1CiJFtznevR3yP0icv5q/y200w+lzNgi7TQn1Wrhu0w=="
    }
  }
}
